
Microsoft Visual Studio Solution File, Format Version 12.00
# Visual Studio 15
VisualStudioVersion = 15.0.28307.705
MinimumVisualStudioVersion = 10.0.40219.1
Project("{FAE04EC0-301F-11D3-BF4B-00C04F79EFBC}") = "patentDownload", "downloadProgress\patentDownload.csproj", "{D1D5D036-DA4C-4D48-BACC-1E89BD9AB2A3}"
EndProject
Global
	GlobalSection(SolutionConfigurationPlatforms) = preSolution
		Debug|Any CPU = Debug|Any CPU
		Release|Any CPU = Release|Any CPU
	EndGlobalSection
	GlobalSection(ProjectConfigurationPlatforms) = postSolution
		{D1D5D036-DA4C-4D48-BACC-1E89BD9AB2A3}.Debug|Any CPU.ActiveCfg = Debug|Any CPU
		{D1D5D036-DA4C-4D48-BACC-1E89BD9AB2A3}.Debug|Any CPU.Build.0 = Debug|Any CPU
		{D1D5D036-DA4C-4D48-BACC-1E89BD9AB2A3}.Release|Any CPU.ActiveCfg = Release|Any CPU
		{D1D5D036-DA4C-4D48-BACC-1E89BD9AB2A3}.Release|Any CPU.Build.0 = Release|Any CPU
	EndGlobalSection
	GlobalSection(SolutionProperties) = preSolution
		HideSolutionNode = FALSE
	EndGlobalSection
	GlobalSection(ExtensibilityGlobals) = postSolution
		SolutionGuid = {F6C0EA72-85DB-4CD9-BA97-5AB390A9CD4A}
	EndGlobalSection
EndGlobal
